# This file was autogenerated by Stack.
# You should not edit this file by hand.
# For more information, please see the documentation at:
#   https://docs.haskellstack.org/en/stable/lock_files

packages:
- completed:
    hackage: require-0.4.2@sha256:f28dc58dd927e98a709dd926ace92704c09db34dd33a278e1d5aa22cac133984,3625
    pantry-tree:
      size: 718
      sha256: 1fe2c5947db887175c819c3a0a55d9dcbb5823d28d0a5f588ea1db2d370bd1e1
  original:
    hackage: require-0.4.2
- completed:
    hackage: path-0.6.1@sha256:7a9a56f767a8e47b361af855fea0b4a8d18e7b029734957a65dcd5c0c1abef16,2423
    pantry-tree:
      size: 643
      sha256: af9100a9534fc004de21e2615c155cd38d9012f16296ab3a394d4bcf2dc8defe
  original:
    hackage: path-0.6.1
- completed:
    size: 37827
    url: https://github.com/theam/tintin/archive/655f5a84448b001f78d833f159ac786b6c50a3cb.tar.gz
    cabal-file:
      size: 3087
      sha256: 5a61c29fd07a6e54c33b60af77562faf9db65a1282894d5ce4597322b517c243
    name: tintin
    version: 1.10.0
    sha256: c24b2b16898fc2faacc98d369b390f4a3bf960681aed5360cd5e167e854fed8a
    pantry-tree:
      size: 2442
      sha256: 35e33c4e6cc4ffa67b6389a57e8d5d7103ac306831378f96ce422e459541c5c5
  original:
    url: https://github.com/theam/tintin/archive/655f5a84448b001f78d833f159ac786b6c50a3cb.tar.gz
snapshots:
- completed:
    size: 499461
    url: https://raw.githubusercontent.com/commercialhaskell/stackage-snapshots/master/lts/13/25.yaml
    sha256: aed98969628e20615e96b06083c933c7e3354ae56b08b75e607a26569225d6c0
  original: lts-13.25
