# This file was autogenerated by Stack.
# You should not edit this file by hand.
# For more information, please see the documentation at:
#   https://docs.haskellstack.org/en/stable/lock_files

packages:
- completed:
    name: aws-lambda-haskell-runtime-wai
    version: 0.1.0.0
    git: https://github.com/eir-forsakring/aws-lambda-haskell-runtime-wai.git
    pantry-tree:
      size: 710
      sha256: ee5e5ff5409b6bb647a60319ece4d737f9e6967f7fce5fe24a56d06c514645da
    commit: 5bedba584b50d21040ecbcc019c77581f4f77cba
  original:
    git: https://github.com/eir-forsakring/aws-lambda-haskell-runtime-wai.git
    commit: 5bedba584b50d21040ecbcc019c77581f4f77cba
- completed:
    name: aws-lambda-haskell-runtime
    version: 2.0.6
    git: https://github.com/dnikolovv/aws-lambda-haskell-runtime.git
    pantry-tree:
      size: 2464
      sha256: 4412446adbfcd194d619b815ad8029ec556f400253943ccb7d9009e41db94606
    commit: 41356c91433d470410818713291d753974dfb12f
  original:
    git: https://github.com/dnikolovv/aws-lambda-haskell-runtime.git
    commit: 41356c91433d470410818713291d753974dfb12f
snapshots:
- completed:
    size: 496120
    url: https://raw.githubusercontent.com/commercialhaskell/stackage-snapshots/master/lts/15/16.yaml
    sha256: cf30623a2c147f51eecc8f9d6440f5d1b671af21380505e633faff32b565f3d5
  original: lts-15.16
